
Microsoft Visual Studio Solution File, Format Version 12.00
# Visual Studio Version 17
VisualStudioVersion = 17.8.34525.116
MinimumVisualStudioVersion = 10.0.40219.1
Project("{FAE04EC0-301F-11D3-BF4B-00C04F79EFBC}") = "InputFeed", "InputFeed\InputFeed.csproj", "{B4800500-7079-4CC3-8CE9-B29270408829}"
EndProject
Global
	GlobalSection(SolutionConfigurationPlatforms) = preSolution
		Debug|Any CPU = Debug|Any CPU
		Release|Any CPU = Release|Any CPU
	EndGlobalSection
	GlobalSection(ProjectConfigurationPlatforms) = postSolution
		{B4800500-7079-4CC3-8CE9-B29270408829}.Debug|Any CPU.ActiveCfg = Debug|Any CPU
		{B4800500-7079-4CC3-8CE9-B29270408829}.Debug|Any CPU.Build.0 = Debug|Any CPU
		{B4800500-7079-4CC3-8CE9-B29270408829}.Release|Any CPU.ActiveCfg = Release|Any CPU
		{B4800500-7079-4CC3-8CE9-B29270408829}.Release|Any CPU.Build.0 = Release|Any CPU
	EndGlobalSection
	GlobalSection(SolutionProperties) = preSolution
		HideSolutionNode = FALSE
	EndGlobalSection
	GlobalSection(ExtensibilityGlobals) = postSolution
		SolutionGuid = {B7ADA130-1393-49B6-B56A-FFC67B36DA73}
	EndGlobalSection
EndGlobal
